{
    "_readme": [
        "This file locks the dependencies of your project to a known state",
        "Read more about it at https://getcomposer.org/doc/01-basic-usage.md#composer-lock-the-lock-file",
        "This file is @generated automatically"
    ],
    "hash": "500a0364b80167c01e7527c10d4b3e66",
    "content-hash": "b69bf4fa635224906a47eca3c81991d2",
    "packages": [],
    "packages-dev": [
        {
            "name": "bootstrap/bootstrap1",
            "version": "4.1.1",
            "dist": {
                "type": "file",
                "url": "https://maxcdn.bootstrapcdn.com/bootstrap/4.1.1/js/bootstrap.min.js",
                "reference": null,
                "shasum": null
            },
            "type": "library"
        },
        {
            "name": "bootstrap/bootstrap2",
            "version": "4.2.1",
            "dist": {
                "type": "file",
                "url": "https://stackpath.bootstrapcdn.com/bootstrap/4.2.1/js/bootstrap.min.js",
                "reference": null,
                "shasum": null
            },
            "type": "library"
        },
        {
            "name": "bootstrap/bootstrapCSS",
            "version": "4.1.1",
            "dist": {
                "type": "file",
                "url": "https://maxcdn.bootstrapcdn.com/bootstrap/4.1.1/css/bootstrap.min.css",
                "reference": null,
                "shasum": null
            },
            "type": "library"
        },
        {
            "name": "bootstrap/bootstrapJS",
            "version": "3.1.0",
            "dist": {
                "type": "file",
                "url": "https://netdna.bootstrapcdn.com/bootstrap/3.1.0/js/bootstrap.min.js",
                "reference": null,
                "shasum": null
            },
            "type": "library"
        },
        {
            "name": "bootstrap/bootstrapreserva",
            "version": "3.1.0",
            "dist": {
                "type": "file",
                "url": "https://netdna.bootstrapcdn.com/bootstrap/3.1.0/css/bootstrap.min.css",
                "reference": null,
                "shasum": null
            },
            "type": "library"
        },
        {
            "name": "fontawesome/fontawesome",
            "version": "5.0.10",
            "dist": {
                "type": "file",
                "url": "https://use.fontawesome.com/releases/v5.0.10/css/all.css",
                "reference": null,
                "shasum": null
            },
            "type": "library"
        },
        {
            "name": "jquery/jquery2",
            "version": "3.2.1",
            "dist": {
                "type": "file",
                "url": "https://cdnjs.cloudflare.com/ajax/libs/jquery/3.2.1/jquery.min.js",
                "reference": null,
                "shasum": null
            },
            "type": "library"
        },
        {
            "name": "jquery/jquery3",
            "version": "3.3.1",
            "dist": {
                "type": "file",
                "url": "https://code.jquery.com/jquery-3.3.1.slim.min.js",
                "reference": null,
                "shasum": null
            },
            "type": "library"
        },
        {
            "name": "jquery/jqueryreserva",
            "version": "1.11.1",
            "dist": {
                "type": "file",
                "url": "https://code.jquery.com/jquery-1.11.1.min.js",
                "reference": null,
                "shasum": null
            },
            "type": "library"
        },
        {
            "name": "popper/popper",
            "version": "1.14.6",
            "dist": {
                "type": "file",
                "url": "https://cdnjs.cloudflare.com/ajax/libs/popper.js/1.14.6/umd/popper.min.js",
                "reference": null,
                "shasum": null
            },
            "type": "library"
        }
    ],
    "aliases": [],
    "minimum-stability": "stable",
    "stability-flags": [],
    "prefer-stable": false,
    "prefer-lowest": false,
    "platform": [],
    "platform-dev": []
}
