{
    "_readme": [
        "This file locks the dependencies of your project to a known state",
        "Read more about it at https://getcomposer.org/doc/01-basic-usage.md#composer-lock-the-lock-file",
        "This file is @generated automatically"
    ],
    "hash": "96d9b2d37f3b10cea1e7b299311800b8",
    "content-hash": "a9a88dd4e00f60bc350038999f3901fb",
    "packages": [],
    "packages-dev": [
        {
            "name": "bootstrap/bootstrap1",
            "version": "4.1.1",
            "dist": {
                "type": "file",
                "url": "https://maxcdn.bootstrapcdn.com/bootstrap/4.1.1/js/bootstrap.min.js",
                "reference": null,
                "shasum": null
            },
            "type": "library"
        },
        {
            "name": "bootstrap/bootstrap2",
            "version": "4.2.1",
            "dist": {
                "type": "file",
                "url": "https://stackpath.bootstrapcdn.com/bootstrap/4.2.1/js/bootstrap.min.js",
                "reference": null,
                "shasum": null
            },
            "type": "library"
        },
        {
            "name": "jquery/jquery2",
            "version": "3.2.1",
            "dist": {
                "type": "file",
                "url": "https://cdnjs.cloudflare.com/ajax/libs/jquery/3.2.1/jquery.min.js",
                "reference": null,
                "shasum": null
            },
            "type": "library"
        },
        {
            "name": "jquery/jquery3",
            "version": "3.3.1",
            "dist": {
                "type": "file",
                "url": "https://code.jquery.com/jquery-3.3.1.slim.min.js",
                "reference": null,
                "shasum": null
            },
            "type": "library"
        },
        {
            "name": "popper/popper",
            "version": "1.14.6",
            "dist": {
                "type": "file",
                "url": "https://cdnjs.cloudflare.com/ajax/libs/popper.js/1.14.6/umd/popper.min.js",
                "reference": null,
                "shasum": null
            },
            "type": "library"
        }
    ],
    "aliases": [],
    "minimum-stability": "stable",
    "stability-flags": [],
    "prefer-stable": false,
    "prefer-lowest": false,
    "platform": [],
    "platform-dev": []
}
